<?xml version="1.0" encoding="UTF-8" standalone="yes" ?>
<CodeBlocks_project_file>
	<FileVersion major="1" minor="6" />
	<Project>
		<Option title="app" />
		<Option pch_mode="2" />
		<Option compiler="riscv32-v3" />
		<Build>
			<Target title="Debug">
				<Option output="Output/bin/app.rv32" prefix_auto="1" extension_auto="0" />
				<Option object_output="Output/obj/" />
				<Option type="1" />
				<Option compiler="riscv32-v3" />
			</Target>
		</Build>
		<Compiler>
			<Add option="-Os" />
			<Add option="-Wall" />
			<Add option="-march=rv32imc_zba_zbb_zbc_zbs_zca_zcb_zcmp_xbs1" />
			<Add option="--param=min-pagesize=0" />
			<Add option="-ffunction-sections" />
			<Add option="-fdata-sections" />
			<Add option="-mjump-tables-in-text" />
			<Add directory="." />
			<Add directory="display" />
			<Add directory="functions" />
			<Add directory="message" />
			<Add directory="port" />
			<Add directory="plugin" />
			<Add directory="../../platform/header" />
			<Add directory="../../platform/libs" />
			<Add directory="../../platform/bsp" />
			<Add directory="../../platform/functions" />
			<Add directory="../../platform/gui" />
			<Add directory="../../platform/modules" />
		</Compiler>
		<Linker>
			<Add option="--no-warn-rwx-segments" />
			<Add option="-T$(TARGET_OBJECT_DIR)ram.o" />
			<Add option="--gc-sections" />
			<Add option="-Map=Output\bin\map.txt" />
			<Add library="libplatform" />
			<Add library="libdrivers" />
			<Add library="libcodecs" />
			<Add library="libvoice" />
			<Add library="libfft" />
			<Add directory="../../platform/libs" />
		</Linker>
		<ExtraCommands>
			<Add before="Output\bin\prebuild.bat $(PROJECT_NAME)" />
			<Add after="Output\bin\postbuild.bat $(PROJECT_NAME)" />
		</ExtraCommands>
		<Unit filename="../../platform/bsp/bsp.h" />
		<Unit filename="../../platform/bsp/bsp_asr.c">
			<Option compilerVar="CC" />
		</Unit>
		<Unit filename="../../platform/bsp/bsp_asr.h" />
		<Unit filename="../../platform/bsp/bsp_audio.c">
			<Option compilerVar="CC" />
		</Unit>
		<Unit filename="../../platform/bsp/bsp_audio.h" />
		<Unit filename="../../platform/bsp/bsp_clk.c">
			<Option compilerVar="CC" />
		</Unit>
		<Unit filename="../../platform/bsp/bsp_clk.h" />
		<Unit filename="../../platform/bsp/bsp_cm.c">
			<Option compilerVar="CC" />
		</Unit>
		<Unit filename="../../platform/bsp/bsp_dac.c">
			<Option compilerVar="CC" />
		</Unit>
		<Unit filename="../../platform/bsp/bsp_dac.h" />
		<Unit filename="../../platform/bsp/bsp_eq.c">
			<Option compilerVar="CC" />
		</Unit>
		<Unit filename="../../platform/bsp/bsp_eq.h" />
		<Unit filename="../../platform/bsp/bsp_ext_dump.c">
			<Option compilerVar="CC" />
		</Unit>
		<Unit filename="../../platform/bsp/bsp_freqdet.c">
			<Option compilerVar="CC" />
		</Unit>
		<Unit filename="../../platform/bsp/bsp_freqdet.h" />
		<Unit filename="../../platform/bsp/bsp_fs.c">
			<Option compilerVar="CC" />
		</Unit>
		<Unit filename="../../platform/bsp/bsp_fs.h" />
		<Unit filename="../../platform/bsp/bsp_huart.c">
			<Option compilerVar="CC" />
		</Unit>
		<Unit filename="../../platform/bsp/bsp_huart.h" />
		<Unit filename="../../platform/bsp/bsp_i2c.c">
			<Option compilerVar="CC" />
		</Unit>
		<Unit filename="../../platform/bsp/bsp_i2c.h" />
		<Unit filename="../../platform/bsp/bsp_ir.c">
			<Option compilerVar="CC" />
		</Unit>
		<Unit filename="../../platform/bsp/bsp_ir.h" />
		<Unit filename="../../platform/bsp/bsp_music.c">
			<Option compilerVar="CC" />
		</Unit>
		<Unit filename="../../platform/bsp/bsp_music.h" />
		<Unit filename="../../platform/bsp/bsp_param.c">
			<Option compilerVar="CC" />
		</Unit>
		<Unit filename="../../platform/bsp/bsp_param.h" />
		<Unit filename="../../platform/bsp/bsp_pwm.c">
			<Option compilerVar="CC" />
		</Unit>
		<Unit filename="../../platform/bsp/bsp_pwm.h" />
		<Unit filename="../../platform/bsp/bsp_record.c">
			<Option compilerVar="CC" />
		</Unit>
		<Unit filename="../../platform/bsp/bsp_record.h" />
		<Unit filename="../../platform/bsp/bsp_rtc.c">
			<Option compilerVar="CC" />
		</Unit>
		<Unit filename="../../platform/bsp/bsp_rtc.h" />
		<Unit filename="../../platform/bsp/bsp_saradc.c">
			<Option compilerVar="CC" />
		</Unit>
		<Unit filename="../../platform/bsp/bsp_saradc.h" />
		<Unit filename="../../platform/bsp/bsp_sdadc_dc.c">
			<Option compilerVar="CC" />
		</Unit>
		<Unit filename="../../platform/bsp/bsp_spi_audio.c">
			<Option compilerVar="CC" />
		</Unit>
		<Unit filename="../../platform/bsp/bsp_spi_audio.h" />
		<Unit filename="../../platform/bsp/bsp_sys.c">
			<Option compilerVar="CC" />
		</Unit>
		<Unit filename="../../platform/bsp/bsp_sys.h" />
		<Unit filename="../../platform/bsp/bsp_timer.c">
			<Option compilerVar="CC" />
		</Unit>
		<Unit filename="../../platform/bsp/bsp_timer.h" />
		<Unit filename="../../platform/bsp/bsp_uart.c">
			<Option compilerVar="CC" />
		</Unit>
		<Unit filename="../../platform/bsp/bsp_uart.h" />
		<Unit filename="../../platform/bsp/bsp_vbat.c">
			<Option compilerVar="CC" />
		</Unit>
		<Unit filename="../../platform/bsp/bsp_vbat.h" />
		<Unit filename="../../platform/bsp/bsp_voice.c">
			<Option compilerVar="CC" />
		</Unit>
		<Unit filename="../../platform/bsp/bsp_voice.h" />
		<Unit filename="../../platform/bsp/record_file.c">
			<Option compilerVar="CC" />
		</Unit>
		<Unit filename="../../platform/bsp/record_file.h" />
		<Unit filename="../../platform/gui/gui.c">
			<Option compilerVar="CC" />
		</Unit>
		<Unit filename="../../platform/gui/gui.h" />
		<Unit filename="../../platform/gui/lcd/lcd_4c16s_3b.c">
			<Option compilerVar="CC" />
		</Unit>
		<Unit filename="../../platform/gui/lcd/lcd_4c16s_3b.h" />
		<Unit filename="../../platform/gui/ledseg/ledseg_7p7s.c">
			<Option compilerVar="CC" />
		</Unit>
		<Unit filename="../../platform/gui/ledseg/ledseg_7p7s.h" />
		<Unit filename="../../platform/gui/ledseg/ledseg_common.c">
			<Option compilerVar="CC" />
		</Unit>
		<Unit filename="../../platform/gui/ledseg/ledseg_common.h" />
		<Unit filename="../../platform/header/clib.h" />
		<Unit filename="../../platform/header/config_define.h" />
		<Unit filename="../../platform/header/config_extra.h" />
		<Unit filename="../../platform/header/global.h" />
		<Unit filename="../../platform/header/include.h" />
		<Unit filename="../../platform/header/io_def.h" />
		<Unit filename="../../platform/header/macro.h" />
		<Unit filename="../../platform/header/s_common.h" />
		<Unit filename="../../platform/header/sfr.h" />
		<Unit filename="../../platform/header/typedef.h" />
		<Unit filename="../../platform/libs/api.h" />
		<Unit filename="../../platform/libs/api_asr.h" />
		<Unit filename="../../platform/libs/api_buffer.h" />
		<Unit filename="../../platform/libs/api_cm.h" />
		<Unit filename="../../platform/libs/api_dac.h" />
		<Unit filename="../../platform/libs/api_device.h" />
		<Unit filename="../../platform/libs/api_fs.h" />
		<Unit filename="../../platform/libs/api_gpio.h" />
		<Unit filename="../../platform/libs/api_key.h" />
		<Unit filename="../../platform/libs/api_math.h" />
		<Unit filename="../../platform/libs/api_msg.h" />
		<Unit filename="../../platform/libs/api_music.h" />
		<Unit filename="../../platform/libs/api_pwr.h" />
		<Unit filename="../../platform/libs/api_rtc.h" />
		<Unit filename="../../platform/libs/api_saradc.h" />
		<Unit filename="../../platform/libs/api_sd.h" />
		<Unit filename="../../platform/libs/api_sdadc.h" />
		<Unit filename="../../platform/libs/api_sdadc_dc.h" />
		<Unit filename="../../platform/libs/api_spiflash_ex.h" />
		<Unit filename="../../platform/libs/api_sys.h" />
		<Unit filename="../../platform/libs/api_sysclk.h" />
		<Unit filename="../../platform/libs/api_uart.h" />
		<Unit filename="../../platform/libs/api_update.h" />
		<Unit filename="../../platform/libs/api_usb.h" />
		<Unit filename="../../platform/libs/strong_symbol.c">
			<Option compilerVar="CC" />
		</Unit>
		<Unit filename="../../platform/modules/dump/dump.h" />
		<Unit filename="../../platform/modules/dump/dump_huart.c">
			<Option compilerVar="CC" />
		</Unit>
		<Unit filename="../../platform/modules/dump/dump_spi.c">
			<Option compilerVar="CC" />
		</Unit>
		<Unit filename="../../platform/modules/fft/fft_proc.c">
			<Option compilerVar="CC" />
		</Unit>
		<Unit filename="../../platform/modules/fft/fft_proc.h" />
		<Unit filename="../../platform/modules/fft/fft_table.c">
			<Option compilerVar="CC" />
		</Unit>
		<Unit filename="../../platform/modules/key/key_scan.c">
			<Option compilerVar="CC" />
		</Unit>
		<Unit filename="../../platform/modules/key/key_scan.h" />
		<Unit filename="../../platform/modules/key/matrix_key.c">
			<Option compilerVar="CC" />
		</Unit>
		<Unit filename="../../platform/modules/key/matrix_key.h" />
		<Unit filename="../../platform/modules/key/tkey.c">
			<Option compilerVar="CC" />
		</Unit>
		<Unit filename="../../platform/modules/key/tkey.h" />
		<Unit filename="../../platform/modules/led/led.c">
			<Option compilerVar="CC" />
		</Unit>
		<Unit filename="../../platform/modules/led/led.h" />
		<Unit filename="../../platform/modules/led/spi_led.c">
			<Option compilerVar="CC" />
		</Unit>
		<Unit filename="../../platform/modules/led/spi_led.h" />
		<Unit filename="../../platform/modules/midi/midi.c">
			<Option compilerVar="CC" />
		</Unit>
		<Unit filename="../../platform/modules/midi/midi.h" />
		<Unit filename="../../platform/modules/midi/midi_keyboard.c">
			<Option compilerVar="CC" />
		</Unit>
		<Unit filename="../../platform/modules/midi/midi_keyboard.h" />
		<Unit filename="../../platform/modules/midi/midi_metronome.c">
			<Option compilerVar="CC" />
		</Unit>
		<Unit filename="../../platform/modules/midi/midi_metronome.h" />
		<Unit filename="../../platform/modules/midi/midi_rec.c">
			<Option compilerVar="CC" />
		</Unit>
		<Unit filename="../../platform/modules/midi/midi_rec.h" />
		<Unit filename="../../platform/modules/midi/midi_song.c">
			<Option compilerVar="CC" />
		</Unit>
		<Unit filename="../../platform/modules/midi/midi_song.h" />
		<Unit filename="../../platform/modules/midi/midi_uart.c">
			<Option compilerVar="CC" />
		</Unit>
		<Unit filename="../../platform/modules/midi/midi_uart.h" />
		<Unit filename="../../platform/modules/midi/midi_voice.c">
			<Option compilerVar="CC" />
		</Unit>
		<Unit filename="../../platform/modules/midi/midi_voice.h" />
		<Unit filename="../../platform/modules/modules.h" />
		<Unit filename="../../platform/modules/spiflash/spiflash1.c">
			<Option compilerVar="CC" />
		</Unit>
		<Unit filename="../../platform/modules/spiflash/spiflash1.h" />
		<Unit filename="../../platform/modules/spiflash/spiflash1_music_bin.c">
			<Option compilerVar="CC" />
		</Unit>
		<Unit filename="../../platform/modules/spilcd/lcd_display.c">
			<Option compilerVar="CC" />
		</Unit>
		<Unit filename="../../platform/modules/spilcd/lcd_display.h" />
		<Unit filename="../../platform/modules/spilcd/pic_tbl.c">
			<Option compilerVar="CC" />
		</Unit>
		<Unit filename="../../platform/modules/voice/prevent_howling.c">
			<Option compilerVar="CC" />
		</Unit>
		<Unit filename="../../platform/modules/voice/prevent_howling.h" />
		<Unit filename="Output/bin/app.xm">
			<Option compile="1" />
			<Option compiler="riscv32-v3" use="1" buildCommand="$compiler $options $includes -E -P -x c -c $file -o $(TARGET_OUTPUT_DIR)appxm.o" />
			<Option compiler="riscv32" use="1" buildCommand="$compiler $options $includes -E -P -x c -c $file -o $(TARGET_OUTPUT_DIR)appxm.o" />
		</Unit>
		<Unit filename="Output/bin/download.xm">
			<Option compile="1" />
			<Option compiler="riscv32-v3" use="1" buildCommand=" " />
			<Option compiler="riscv32" use="1" buildCommand=" " />
		</Unit>
		<Unit filename="Output/bin/res.xm">
			<Option compile="1" />
			<Option compiler="riscv32-v3" use="1" buildCommand=" " />
			<Option compiler="riscv32" use="1" buildCommand=" " />
		</Unit>
		<Unit filename="Output/bin/xcfg.xm">
			<Option compile="1" />
			<Option compiler="riscv32-v3" use="1" buildCommand=" " />
			<Option compiler="riscv32" use="1" buildCommand=" " />
		</Unit>
		<Unit filename="config.c">
			<Option compilerVar="CC" />
		</Unit>
		<Unit filename="config.h" />
		<Unit filename="display/display_idle.c">
			<Option compilerVar="CC" />
		</Unit>
		<Unit filename="display/ledseg/display_ledseg.c">
			<Option compilerVar="CC" />
		</Unit>
		<Unit filename="display/ledseg/display_ledseg.h" />
		<Unit filename="functions/func.c">
			<Option compilerVar="CC" />
		</Unit>
		<Unit filename="functions/func.h" />
		<Unit filename="functions/func_aux.c">
			<Option compilerVar="CC" />
		</Unit>
		<Unit filename="functions/func_aux.h" />
		<Unit filename="functions/func_clock.c">
			<Option compilerVar="CC" />
		</Unit>
		<Unit filename="functions/func_clock.h" />
		<Unit filename="functions/func_exspiflash_music.c">
			<Option compilerVar="CC" />
		</Unit>
		<Unit filename="functions/func_exspiflash_music.h" />
		<Unit filename="functions/func_idle.c">
			<Option compilerVar="CC" />
		</Unit>
		<Unit filename="functions/func_idle.h" />
		<Unit filename="functions/func_lowpwr.c">
			<Option compilerVar="CC" />
		</Unit>
		<Unit filename="functions/func_lowpwr.h" />
		<Unit filename="functions/func_music.c">
			<Option compilerVar="CC" />
		</Unit>
		<Unit filename="functions/func_music.h" />
		<Unit filename="functions/func_speaker.c">
			<Option compilerVar="CC" />
		</Unit>
		<Unit filename="functions/func_speaker.h" />
		<Unit filename="functions/func_usbdev.c">
			<Option compilerVar="CC" />
		</Unit>
		<Unit filename="functions/func_usbdev.h" />
		<Unit filename="main.c">
			<Option compilerVar="CC" />
		</Unit>
		<Unit filename="message/msg_aux.c">
			<Option compilerVar="CC" />
		</Unit>
		<Unit filename="message/msg_clock.c">
			<Option compilerVar="CC" />
		</Unit>
		<Unit filename="message/msg_exspiflash_music.c">
			<Option compilerVar="CC" />
		</Unit>
		<Unit filename="message/msg_idle.c">
			<Option compilerVar="CC" />
		</Unit>
		<Unit filename="message/msg_music.c">
			<Option compilerVar="CC" />
		</Unit>
		<Unit filename="message/msg_speak.c">
			<Option compilerVar="CC" />
		</Unit>
		<Unit filename="message/msg_usbdev.c">
			<Option compilerVar="CC" />
		</Unit>
		<Unit filename="plugin/multi_lang.c">
			<Option compilerVar="CC" />
		</Unit>
		<Unit filename="plugin/multi_lang.h" />
		<Unit filename="plugin/plugin.c">
			<Option compilerVar="CC" />
		</Unit>
		<Unit filename="plugin/plugin.h" />
		<Unit filename="port/port_ir.c">
			<Option compilerVar="CC" />
		</Unit>
		<Unit filename="port/port_key.c">
			<Option compilerVar="CC" />
		</Unit>
		<Unit filename="port/port_led.c">
			<Option compilerVar="CC" />
		</Unit>
		<Unit filename="port/port_led.h" />
		<Unit filename="port/port_ledseg.c">
			<Option compilerVar="CC" />
		</Unit>
		<Unit filename="port/port_linein.c">
			<Option compilerVar="CC" />
		</Unit>
		<Unit filename="port/port_linein.h" />
		<Unit filename="port/port_mute.c">
			<Option compilerVar="CC" />
		</Unit>
		<Unit filename="port/port_sd.c">
			<Option compilerVar="CC" />
		</Unit>
		<Unit filename="port/port_sd.h" />
		<Unit filename="port/port_sd1.c">
			<Option compilerVar="CC" />
		</Unit>
		<Unit filename="ram.ld">
			<Option compile="1" />
			<Option compiler="riscv32-v3" use="1" buildCommand="$compiler $options $includes -E -P -x c -c $file -o $(TARGET_OBJECT_DIR)ram.o" />
			<Option compiler="riscv32" use="1" buildCommand="$compiler $options $includes -E -P -x c -c $file -o $(TARGET_OBJECT_DIR)ram.o" />
		</Unit>
		<Unit filename="res.h" />
		<Unit filename="xcfg.h" />
		<Extensions />
	</Project>
</CodeBlocks_project_file>
